
Microsoft Visual Studio Solution File, Format Version 12.00
# Visual Studio Version 17
VisualStudioVersion = 17.9.34728.123
MinimumVisualStudioVersion = 10.0.40219.1
Project("{FAE04EC0-301F-11D3-BF4B-00C04F79EFBC}") = "API_Film", "API_Film\API_Film.csproj", "{C027EE6C-3520-4335-B431-898AB5D436C5}"
EndProject
Global
	GlobalSection(SolutionConfigurationPlatforms) = preSolution
		Debug|Any CPU = Debug|Any CPU
		Release|Any CPU = Release|Any CPU
	EndGlobalSection
	GlobalSection(ProjectConfigurationPlatforms) = postSolution
		{C027EE6C-3520-4335-B431-898AB5D436C5}.Debug|Any CPU.ActiveCfg = Debug|Any CPU
		{C027EE6C-3520-4335-B431-898AB5D436C5}.Debug|Any CPU.Build.0 = Debug|Any CPU
		{C027EE6C-3520-4335-B431-898AB5D436C5}.Release|Any CPU.ActiveCfg = Release|Any CPU
		{C027EE6C-3520-4335-B431-898AB5D436C5}.Release|Any CPU.Build.0 = Release|Any CPU
	EndGlobalSection
	GlobalSection(SolutionProperties) = preSolution
		HideSolutionNode = FALSE
	EndGlobalSection
	GlobalSection(ExtensibilityGlobals) = postSolution
		SolutionGuid = {756935B3-61CF-4527-8A88-D9D6A175B221}
	EndGlobalSection
EndGlobal
